<?xml version="1.0" encoding="utf-8"?>
<Project ToolsVersion="4.0" xmlns="http://schemas.microsoft.com/developer/msbuild/2003">
  <ItemGroup>
    <Filter Include="Resource Files">
      <UniqueIdentifier>{67DA6AB6-F800-4c08-8B7A-83BB121AAD01}</UniqueIdentifier>
      <Extensions>rc;ico;cur;bmp;dlg;rc2;rct;bin;rgs;gif;jpg;jpeg;jpe;resx</Extensions>
    </Filter>
    <Filter Include="src">
      <UniqueIdentifier>{4FC737F1-C7A5-4376-A066-2A32D752A2FF}</UniqueIdentifier>
      <Extensions>cpp;c;cxx;def;odl;idl;hpj;bat;asm;asmx</Extensions>
    </Filter>
    <Filter Include="Include">
      <UniqueIdentifier>{c4ec5057-7dc9-44df-8cc0-6dd60ba57369}</UniqueIdentifier>
    </Filter>
  </ItemGroup>
  <ItemGroup>
    <ClCompile Include="..\src\AcceptConnect.cpp">
      <Filter>src</Filter>
    </ClCompile>
    <ClCompile Include="..\src\Comm.cpp">
      <Filter>src</Filter>
    </ClCompile>
    <ClCompile Include="..\src\CommRPC.cpp">
      <Filter>src</Filter>
    </ClCompile>
    <ClCompile Include="..\src\DataSocket.cpp">
      <Filter>src</Filter>
    </ClCompile>
    <ClCompile Include="..\src\DBCCommon.cpp">
      <Filter>src</Filter>
    </ClCompile>
    <ClCompile Include="..\src\IniFile.cpp">
      <Filter>src</Filter>
    </ClCompile>
    <ClCompile Include="..\src\LogStream.cpp">
      <Filter>src</Filter>
    </ClCompile>
    <ClCompile Include="..\src\NTSvcObject.cpp">
      <Filter>src</Filter>
    </ClCompile>
    <ClCompile Include="..\src\Packet.cpp">
      <Filter>src</Filter>
    </ClCompile>
    <ClCompile Include="..\src\PacketQueue.cpp">
      <Filter>src</Filter>
    </ClCompile>
    <ClCompile Include="..\src\Point.cpp">
      <Filter>src</Filter>
    </ClCompile>
    <ClCompile Include="..\src\Receiver.cpp">
      <Filter>src</Filter>
    </ClCompile>
    <ClCompile Include="..\src\RWMutex.cpp">
      <Filter>src</Filter>
    </ClCompile>
    <ClCompile Include="..\src\Sender.cpp">
      <Filter>src</Filter>
    </ClCompile>
    <ClCompile Include="..\src\TaskQueue.cpp">
      <Filter>src</Filter>
    </ClCompile>
    <ClCompile Include="..\src\ThreadPool.cpp">
      <Filter>src</Filter>
    </ClCompile>
    <ClCompile Include="..\src\Timer.cpp">
      <Filter>src</Filter>
    </ClCompile>
  </ItemGroup>
  <ItemGroup>
    <ClInclude Include="..\src\AcceptConnect.h">
      <Filter>src</Filter>
    </ClInclude>
    <ClInclude Include="EventMsgRC.h">
      <Filter>src</Filter>
    </ClInclude>
    <ClInclude Include="..\src\Receiver.h">
      <Filter>src</Filter>
    </ClInclude>
    <ClInclude Include="..\src\RPCInfo.h">
      <Filter>src</Filter>
    </ClInclude>
    <ClInclude Include="..\src\Sender.h">
      <Filter>src</Filter>
    </ClInclude>
    <ClInclude Include="..\src\Thread.h">
      <Filter>src</Filter>
    </ClInclude>
    <ClInclude Include="..\Include\BaseBuf.h">
      <Filter>Include</Filter>
    </ClInclude>
    <ClInclude Include="..\Include\Comm.h">
      <Filter>Include</Filter>
    </ClInclude>
    <ClInclude Include="..\Include\CommRPC.h">
      <Filter>Include</Filter>
    </ClInclude>
    <ClInclude Include="..\Include\DataSocket.h">
      <Filter>Include</Filter>
    </ClInclude>
    <ClInclude Include="..\Include\DBCCommon.h">
      <Filter>Include</Filter>
    </ClInclude>
    <ClInclude Include="..\Include\dstring.h">
      <Filter>Include</Filter>
    </ClInclude>
    <ClInclude Include="..\Include\excp.h">
      <Filter>Include</Filter>
    </ClInclude>
    <ClInclude Include="..\Include\IniFile.h">
      <Filter>Include</Filter>
    </ClInclude>
    <ClInclude Include="..\Include\LogStream.h">
      <Filter>Include</Filter>
    </ClInclude>
    <ClInclude Include="..\Include\NTService.h">
      <Filter>Include</Filter>
    </ClInclude>
    <ClInclude Include="..\Include\NTSvcObject.h">
      <Filter>Include</Filter>
    </ClInclude>
    <ClInclude Include="..\Include\Packet.h">
      <Filter>Include</Filter>
    </ClInclude>
    <ClInclude Include="..\Include\PacketQueue.h">
      <Filter>Include</Filter>
    </ClInclude>
    <ClInclude Include="..\Include\Point.h">
      <Filter>Include</Filter>
    </ClInclude>
    <ClInclude Include="..\Include\PreAlloc.h">
      <Filter>Include</Filter>
    </ClInclude>
    <ClInclude Include="..\Include\robject.h">
      <Filter>Include</Filter>
    </ClInclude>
    <ClInclude Include="..\Include\rstring.h">
      <Filter>Include</Filter>
    </ClInclude>
    <ClInclude Include="..\Include\RunBiDirectChain.h">
      <Filter>Include</Filter>
    </ClInclude>
    <ClInclude Include="..\Include\RunCtrlThrd.h">
      <Filter>Include</Filter>
    </ClInclude>
    <ClInclude Include="..\Include\RWMutex.h">
      <Filter>Include</Filter>
    </ClInclude>
    <ClInclude Include="..\Include\ThreadPool.h">
      <Filter>Include</Filter>
    </ClInclude>
    <ClInclude Include="..\Include\Timer.h">
      <Filter>Include</Filter>
    </ClInclude>
    <ClInclude Include="..\Include\TLSIndex.h">
      <Filter>Include</Filter>
    </ClInclude>
    <ClInclude Include="..\include\EventMsgRC.h" />
  </ItemGroup>
  <ItemGroup>
    <Text Include="ReadMe.txt" />
  </ItemGroup>
</Project>