<?xml version="1.0" encoding="utf-8"?>
<Project ToolsVersion="4.0" xmlns="http://schemas.microsoft.com/developer/msbuild/2003">
  <ItemGroup>
    <Filter Include="Source Files">
      <UniqueIdentifier>{91f51c9e-b5fb-400e-9654-dac9a93291d6}</UniqueIdentifier>
      <Extensions>cpp;c;cxx;rc;def;r;odl;idl;hpj;bat</Extensions>
    </Filter>
  </ItemGroup>
  <ItemGroup>
    <ClCompile Include="lib\lauxlib.c">
      <Filter>Source Files</Filter>
    </ClCompile>
    <ClCompile Include="lib\lbaselib.c">
      <Filter>Source Files</Filter>
    </ClCompile>
    <ClCompile Include="lib\ldblib.c">
      <Filter>Source Files</Filter>
    </ClCompile>
    <ClCompile Include="lib\liolib.c">
      <Filter>Source Files</Filter>
    </ClCompile>
    <ClCompile Include="lib\lmathlib.c">
      <Filter>Source Files</Filter>
    </ClCompile>
    <ClCompile Include="lib\loadlib.c">
      <Filter>Source Files</Filter>
    </ClCompile>
    <ClCompile Include="lib\lstrlib.c">
      <Filter>Source Files</Filter>
    </ClCompile>
    <ClCompile Include="lib\ltablib.c">
      <Filter>Source Files</Filter>
    </ClCompile>
  </ItemGroup>
</Project>