<?xml version="1.0" encoding="utf-8"?>
<Project ToolsVersion="4.0" xmlns="http://schemas.microsoft.com/developer/msbuild/2003">
  <ItemGroup>
    <Filter Include="Source Files">
      <UniqueIdentifier>{4FC737F1-C7A5-4376-A066-2A32D752A2FF}</UniqueIdentifier>
      <Extensions>cpp;c;cxx;def;odl;idl;hpj;bat;asm;asmx</Extensions>
    </Filter>
    <Filter Include="Source Files\ThreadClass">
      <UniqueIdentifier>{ee65121a-2fd1-4a71-aa84-f15c60bb88b3}</UniqueIdentifier>
    </Filter>
    <Filter Include="Source Files\Interface">
      <UniqueIdentifier>{745bd6a9-e86a-4cef-8210-31d1cc7650a7}</UniqueIdentifier>
    </Filter>
    <Filter Include="Header Files">
      <UniqueIdentifier>{93995380-89BD-4b04-88EB-625FBE52EBFB}</UniqueIdentifier>
      <Extensions>h;hpp;hxx;hm;inl;inc;xsd</Extensions>
    </Filter>
    <Filter Include="Header Files\ThreadClass">
      <UniqueIdentifier>{a2321b8e-adf0-4568-bed3-c26166a07817}</UniqueIdentifier>
    </Filter>
    <Filter Include="Header Files\Interface">
      <UniqueIdentifier>{52a0ca7f-cbf3-4884-83d1-329bb6e0fe93}</UniqueIdentifier>
    </Filter>
    <Filter Include="Resource Files">
      <UniqueIdentifier>{67DA6AB6-F800-4c08-8B7A-83BB121AAD01}</UniqueIdentifier>
      <Extensions>rc;ico;cur;bmp;dlg;rc2;rct;bin;rgs;gif;jpg;jpeg;jpe;resx</Extensions>
    </Filter>
    <Filter Include="Bin">
      <UniqueIdentifier>{f139f4b5-6bbe-4a0b-925c-a4ab8b2f1635}</UniqueIdentifier>
    </Filter>
  </ItemGroup>
  <ItemGroup>
    <ClCompile Include="..\src\AccountServer2.cpp">
      <Filter>Source Files</Filter>
    </ClCompile>
    <ClCompile Include="..\src\GlobalVariable.cpp">
      <Filter>Source Files</Filter>
    </ClCompile>
    <ClCompile Include="..\src\main.cpp">
      <Filter>Source Files</Filter>
    </ClCompile>
    <ClCompile Include="..\src\stdafx.cpp">
      <Filter>Source Files</Filter>
    </ClCompile>
    <ClCompile Include="..\src\MyThread.cpp">
      <Filter>Source Files\ThreadClass</Filter>
    </ClCompile>
    <ClCompile Include="..\src\BillService.cpp">
      <Filter>Source Files\Interface</Filter>
    </ClCompile>
    <ClCompile Include="..\src\BTIService.cpp">
      <Filter>Source Files\Interface</Filter>
    </ClCompile>
    <ClCompile Include="..\src\DataBaseCtrl.cpp">
      <Filter>Source Files\Interface</Filter>
    </ClCompile>
    <ClCompile Include="..\src\TomService.cpp">
      <Filter>Source Files\Interface</Filter>
    </ClCompile>
  </ItemGroup>
  <ItemGroup>
    <ClInclude Include="..\src\AccountServer2.h">
      <Filter>Header Files</Filter>
    </ClInclude>
    <ClInclude Include="..\src\GlobalVariable.h">
      <Filter>Header Files</Filter>
    </ClInclude>
    <ClInclude Include="..\src\resource.h">
      <Filter>Header Files</Filter>
    </ClInclude>
    <ClInclude Include="..\src\stdafx.h">
      <Filter>Header Files</Filter>
    </ClInclude>
    <ClInclude Include="..\src\MyThread.h">
      <Filter>Header Files\ThreadClass</Filter>
    </ClInclude>
    <ClInclude Include="..\src\BillService.h">
      <Filter>Header Files\Interface</Filter>
    </ClInclude>
    <ClInclude Include="..\src\BTIService.h">
      <Filter>Header Files\Interface</Filter>
    </ClInclude>
    <ClInclude Include="..\src\DataBaseCtrl.h">
      <Filter>Header Files\Interface</Filter>
    </ClInclude>
    <ClInclude Include="..\src\TomService.h">
      <Filter>Header Files\Interface</Filter>
    </ClInclude>
  </ItemGroup>
  <ItemGroup>
    <ResourceCompile Include="..\src\AccountServer.rc">
      <Filter>Resource Files</Filter>
    </ResourceCompile>
  </ItemGroup>
  <ItemGroup>
    <None Include="..\Bin\AccountServer.cfg">
      <Filter>Bin</Filter>
    </None>
    <None Include="..\Bin\AccountServer.exe">
      <Filter>Bin</Filter>
    </None>
    <None Include="..\Bin\AccountServer.pdb">
      <Filter>Bin</Filter>
    </None>
  </ItemGroup>
  <ItemGroup>
    <Text Include="ReadMe.txt" />
  </ItemGroup>
</Project>