Microsoft Visual Studio Solution File, Format Version 12.00
# Visual Studio 2013
VisualStudioVersion = 12.0.30501.0
MinimumVisualStudioVersion = 10.0.40219.1
Project("{8BC9CEB8-8B4A-11D0-8D11-00A0C91BC942}") = "CaLua", "CaLua\CaLua.vcxproj", "{1DF700CA-253B-406C-9B9D-52D6C2935B42}"
EndProject
Project("{8BC9CEB8-8B4A-11D0-8D11-00A0C91BC942}") = "lua50", "Lua\lua50.vcxproj", "{9AD19308-7666-4545-9798-6A7EE1FB6284}"
EndProject
Project("{8BC9CEB8-8B4A-11D0-8D11-00A0C91BC942}") = "lualib", "Lua\lualib.vcxproj", "{C5DC1DCB-5CF4-4774-98E3-30BB44295CB8}"
EndProject
Global
	GlobalSection(SolutionConfigurationPlatforms) = preSolution
		Debug|Win32 = Debug|Win32
		Release|Win32 = Release|Win32
		Static Library|Win32 = Static Library|Win32
	EndGlobalSection
	GlobalSection(ProjectConfigurationPlatforms) = postSolution
		{1DF700CA-253B-406C-9B9D-52D6C2935B42}.Debug|Win32.ActiveCfg = Debug|Win32
		{1DF700CA-253B-406C-9B9D-52D6C2935B42}.Debug|Win32.Build.0 = Debug|Win32
		{1DF700CA-253B-406C-9B9D-52D6C2935B42}.Release|Win32.ActiveCfg = Release|Win32
		{1DF700CA-253B-406C-9B9D-52D6C2935B42}.Release|Win32.Build.0 = Release|Win32
		{1DF700CA-253B-406C-9B9D-52D6C2935B42}.Static Library|Win32.ActiveCfg = Release|Win32
		{1DF700CA-253B-406C-9B9D-52D6C2935B42}.Static Library|Win32.Build.0 = Release|Win32
		{9AD19308-7666-4545-9798-6A7EE1FB6284}.Debug|Win32.ActiveCfg = Static Library|Win32
		{9AD19308-7666-4545-9798-6A7EE1FB6284}.Debug|Win32.Build.0 = Static Library|Win32
		{9AD19308-7666-4545-9798-6A7EE1FB6284}.Release|Win32.ActiveCfg = Static Library|Win32
		{9AD19308-7666-4545-9798-6A7EE1FB6284}.Release|Win32.Build.0 = Static Library|Win32
		{9AD19308-7666-4545-9798-6A7EE1FB6284}.Static Library|Win32.ActiveCfg = Static Library|Win32
		{9AD19308-7666-4545-9798-6A7EE1FB6284}.Static Library|Win32.Build.0 = Static Library|Win32
		{C5DC1DCB-5CF4-4774-98E3-30BB44295CB8}.Debug|Win32.ActiveCfg = Static Library|Win32
		{C5DC1DCB-5CF4-4774-98E3-30BB44295CB8}.Debug|Win32.Build.0 = Static Library|Win32
		{C5DC1DCB-5CF4-4774-98E3-30BB44295CB8}.Release|Win32.ActiveCfg = Static Library|Win32
		{C5DC1DCB-5CF4-4774-98E3-30BB44295CB8}.Release|Win32.Build.0 = Static Library|Win32
		{C5DC1DCB-5CF4-4774-98E3-30BB44295CB8}.Static Library|Win32.ActiveCfg = Static Library|Win32
		{C5DC1DCB-5CF4-4774-98E3-30BB44295CB8}.Static Library|Win32.Build.0 = Static Library|Win32
	EndGlobalSection
	GlobalSection(SolutionProperties) = preSolution
		HideSolutionNode = FALSE
	EndGlobalSection
EndGlobal
